
Microsoft Visual Studio Solution File, Format Version 12.00
# Visual Studio Version 16
VisualStudioVersion = 16.0.32106.194
MinimumVisualStudioVersion = 10.0.40219.1
Project("{8BC9CEB8-8B4A-11D0-8D11-00A0C91BC942}") = "MyFirstApp", "MyFirstApp.vcxproj", "{F82C452F-D925-4380-B09E-D7529F0163D0}"
EndProject
Global
	GlobalSection(SolutionConfigurationPlatforms) = preSolution
		Debug|x64 = Debug|x64
		Debug|x86 = Debug|x86
		Release|x64 = Release|x64
		Release|x86 = Release|x86
	EndGlobalSection
	GlobalSection(ProjectConfigurationPlatforms) = postSolution
		{F82C452F-D925-4380-B09E-D7529F0163D0}.Debug|x64.ActiveCfg = Debug|x64
		{F82C452F-D925-4380-B09E-D7529F0163D0}.Debug|x64.Build.0 = Debug|x64
		{F82C452F-D925-4380-B09E-D7529F0163D0}.Debug|x86.ActiveCfg = Debug|Win32
		{F82C452F-D925-4380-B09E-D7529F0163D0}.Debug|x86.Build.0 = Debug|Win32
		{F82C452F-D925-4380-B09E-D7529F0163D0}.Release|x64.ActiveCfg = Release|x64
		{F82C452F-D925-4380-B09E-D7529F0163D0}.Release|x64.Build.0 = Release|x64
		{F82C452F-D925-4380-B09E-D7529F0163D0}.Release|x86.ActiveCfg = Release|Win32
		{F82C452F-D925-4380-B09E-D7529F0163D0}.Release|x86.Build.0 = Release|Win32
	EndGlobalSection
	GlobalSection(SolutionProperties) = preSolution
		HideSolutionNode = FALSE
	EndGlobalSection
	GlobalSection(ExtensibilityGlobals) = postSolution
		SolutionGuid = {13365C71-C2A0-4A07-A7BD-89E38478F606}
	EndGlobalSection
EndGlobal
